{
  "name": "my-lib",
  "version": "0.0.1",
  "lockfileVersion": 1,
  "requires": true,
  "dependencies": {
    "sip.js": {
      "version": "0.17.1",
      "resolved": "https://registry.npmjs.org/sip.js/-/sip.js-0.17.1.tgz",
      "integrity": "sha512-JxuPm2E4RUdmzLFpI26f0iP2A84arsXRgmfY8cbIlmK95gnZFdE8Jh1PRx8eOJlS7ACgm0WFBNL9jVEtMigh9A=="
    }
  }
}
